
Microsoft Visual Studio Solution File, Format Version 12.00
# Visual Studio Version 17
VisualStudioVersion = 17.14.37027.9 d17.14
MinimumVisualStudioVersion = 10.0.40219.1
Project("{FAE04EC0-301F-11D3-BF4B-00C04F79EFBC}") = "ImageCrop", "ImageCrop.csproj", "{1B61F91C-EEE2-41D2-BD41-BA07A566BB0B}"
EndProject
Global
	GlobalSection(SolutionConfigurationPlatforms) = preSolution
		Debug|Any CPU = Debug|Any CPU
		Release|Any CPU = Release|Any CPU
	EndGlobalSection
	GlobalSection(ProjectConfigurationPlatforms) = postSolution
		{1B61F91C-EEE2-41D2-BD41-BA07A566BB0B}.Debug|Any CPU.ActiveCfg = Debug|Any CPU
		{1B61F91C-EEE2-41D2-BD41-BA07A566BB0B}.Debug|Any CPU.Build.0 = Debug|Any CPU
		{1B61F91C-EEE2-41D2-BD41-BA07A566BB0B}.Release|Any CPU.ActiveCfg = Release|Any CPU
		{1B61F91C-EEE2-41D2-BD41-BA07A566BB0B}.Release|Any CPU.Build.0 = Release|Any CPU
	EndGlobalSection
	GlobalSection(SolutionProperties) = preSolution
		HideSolutionNode = FALSE
	EndGlobalSection
	GlobalSection(ExtensibilityGlobals) = postSolution
		SolutionGuid = {771632B5-3ADF-4B6D-A8A1-119348E3A4C9}
	EndGlobalSection
EndGlobal
